
Microsoft Visual Studio Solution File, Format Version 12.00
# Visual Studio 2013
VisualStudioVersion = 12.0.40629.0
MinimumVisualStudioVersion = 10.0.40219.1
Project("{2150E333-8FDC-42A3-9474-1A3956D46DE8}") = "Infrastructure", "Infrastructure", "{A02F706B-F582-4B94-82DC-8A9C38092669}"
EndProject
Project("{2150E333-8FDC-42A3-9474-1A3956D46DE8}") = "Domain", "Domain", "{61B1A1F0-2196-4EF0-B2DE-0BCC9BFF6FAE}"
EndProject
Project("{2150E333-8FDC-42A3-9474-1A3956D46DE8}") = "Presentation", "Presentation", "{D8663854-502C-4012-A519-1A1083FA68DE}"
EndProject
Project("{FAE04EC0-301F-11D3-BF4B-00C04F79EFBC}") = "ToDos.Domain", "ToDos.Domain\ToDos.Domain.csproj", "{D65A6522-181B-443D-804C-16D283841584}"
EndProject
Project("{2150E333-8FDC-42A3-9474-1A3956D46DE8}") = "Contracts", "Contracts", "{9E9EE48B-A98E-4ADA-A8B6-1A326DB55D37}"
EndProject
Project("{2150E333-8FDC-42A3-9474-1A3956D46DE8}") = ".nuget", ".nuget", "{F4A51031-E40A-4F47-9A0D-B1AC865CDC5C}"
	ProjectSection(SolutionItems) = preProject
		.nuget\NuGet.Config = .nuget\NuGet.Config
		.nuget\NuGet.exe = .nuget\NuGet.exe
		.nuget\NuGet.targets = .nuget\NuGet.targets
	EndProjectSection
EndProject
Project("{FAE04EC0-301F-11D3-BF4B-00C04F79EFBC}") = "MS.EventSourcing.Infrastructure", "Infrastructure\MS.EventSourcing.Infrastructure\MS.EventSourcing.Infrastructure.csproj", "{B5CD8FE0-A99E-47F0-9617-1076415D3000}"
EndProject
Project("{FAE04EC0-301F-11D3-BF4B-00C04F79EFBC}") = "MS.EventSourcing.Infrastructure.MassTransit", "Infrastructure\MS.EventSourcing.Infrastructure.MassTransit\MS.EventSourcing.Infrastructure.MassTransit.csproj", "{E1118C44-9C52-4834-BBD6-BCF222719A5F}"
EndProject
Project("{FAE04EC0-301F-11D3-BF4B-00C04F79EFBC}") = "MS.EventSourcing.Infrastructure.EF", "Infrastructure\MS.EventSourcing.Infrastructure.EF\MS.EventSourcing.Infrastructure.EF.csproj", "{10CAEFFC-B7DF-43E4-992D-B32975C8C618}"
EndProject
Project("{FAE04EC0-301F-11D3-BF4B-00C04F79EFBC}") = "MS.EventSourcing.Infrastructure.EF.MySql", "Infrastructure\MS.EventSourcing.Infrastructure.EF.MySql\MS.EventSourcing.Infrastructure.EF.MySql.csproj", "{00EFEE7B-AF4F-474F-A5BF-6C056269CB26}"
EndProject
Project("{FAE04EC0-301F-11D3-BF4B-00C04F79EFBC}") = "ToDos.Infrastructure", "ToDos.Infrastructure\ToDos.Infrastructure.csproj", "{1AB08F9F-F5D9-4ED8-B297-5D203977B95F}"
EndProject
Project("{2150E333-8FDC-42A3-9474-1A3956D46DE8}") = "Hosting", "Hosting", "{02FB95C6-72F3-457D-89CC-B57496FF2673}"
EndProject
Project("{FAE04EC0-301F-11D3-BF4B-00C04F79EFBC}") = "ToDos.ServiceHost", "ToDos.ServiceHost\ToDos.ServiceHost.csproj", "{0BA6D3D9-EA78-4EB8-B35C-61E63203F276}"
EndProject
Project("{FAE04EC0-301F-11D3-BF4B-00C04F79EFBC}") = "ToDos.Commands", "ToDos.Commands\ToDos.Commands.csproj", "{0ACD2B18-3A9F-4AE9-863E-97E89E78F3E8}"
EndProject
Project("{FAE04EC0-301F-11D3-BF4B-00C04F79EFBC}") = "ToDos.Events", "ToDos.Events\ToDos.Events.csproj", "{BA6135CA-7C20-4F16-9349-8D189387B820}"
EndProject
Project("{FAE04EC0-301F-11D3-BF4B-00C04F79EFBC}") = "ToDos.Web", "ToDos.Web\ToDos.Web.csproj", "{43BA6A3B-FEA3-4EEC-9730-2CB6F2301D5A}"
EndProject
Project("{FAE04EC0-301F-11D3-BF4B-00C04F79EFBC}") = "ToDos.Models", "ToDos.Model\ToDos.Models.csproj", "{9E66562A-0DCF-4CE8-9B93-A6BC04CF9918}"
EndProject
Project("{2150E333-8FDC-42A3-9474-1A3956D46DE8}") = "Models", "Models", "{8F16A5C4-D219-457D-AA2E-9C29699B60C7}"
EndProject
Project("{FAE04EC0-301F-11D3-BF4B-00C04F79EFBC}") = "ToDos.Models.Mapping", "ToDos.Models.Mapping\ToDos.Models.Mapping.csproj", "{F57E8B25-ED44-4783-9DC7-D0E83FE63980}"
EndProject
Global
	GlobalSection(SolutionConfigurationPlatforms) = preSolution
		Debug|Any CPU = Debug|Any CPU
		Release|Any CPU = Release|Any CPU
	EndGlobalSection
	GlobalSection(ProjectConfigurationPlatforms) = postSolution
		{D65A6522-181B-443D-804C-16D283841584}.Debug|Any CPU.ActiveCfg = Debug|Any CPU
		{D65A6522-181B-443D-804C-16D283841584}.Debug|Any CPU.Build.0 = Debug|Any CPU
		{D65A6522-181B-443D-804C-16D283841584}.Release|Any CPU.ActiveCfg = Release|Any CPU
		{D65A6522-181B-443D-804C-16D283841584}.Release|Any CPU.Build.0 = Release|Any CPU
		{B5CD8FE0-A99E-47F0-9617-1076415D3000}.Debug|Any CPU.ActiveCfg = Debug|Any CPU
		{B5CD8FE0-A99E-47F0-9617-1076415D3000}.Debug|Any CPU.Build.0 = Debug|Any CPU
		{B5CD8FE0-A99E-47F0-9617-1076415D3000}.Release|Any CPU.ActiveCfg = Release|Any CPU
		{B5CD8FE0-A99E-47F0-9617-1076415D3000}.Release|Any CPU.Build.0 = Release|Any CPU
		{E1118C44-9C52-4834-BBD6-BCF222719A5F}.Debug|Any CPU.ActiveCfg = Debug|Any CPU
		{E1118C44-9C52-4834-BBD6-BCF222719A5F}.Debug|Any CPU.Build.0 = Debug|Any CPU
		{E1118C44-9C52-4834-BBD6-BCF222719A5F}.Release|Any CPU.ActiveCfg = Release|Any CPU
		{E1118C44-9C52-4834-BBD6-BCF222719A5F}.Release|Any CPU.Build.0 = Release|Any CPU
		{10CAEFFC-B7DF-43E4-992D-B32975C8C618}.Debug|Any CPU.ActiveCfg = Debug|Any CPU
		{10CAEFFC-B7DF-43E4-992D-B32975C8C618}.Debug|Any CPU.Build.0 = Debug|Any CPU
		{10CAEFFC-B7DF-43E4-992D-B32975C8C618}.Release|Any CPU.ActiveCfg = Release|Any CPU
		{10CAEFFC-B7DF-43E4-992D-B32975C8C618}.Release|Any CPU.Build.0 = Release|Any CPU
		{00EFEE7B-AF4F-474F-A5BF-6C056269CB26}.Debug|Any CPU.ActiveCfg = Debug|Any CPU
		{00EFEE7B-AF4F-474F-A5BF-6C056269CB26}.Debug|Any CPU.Build.0 = Debug|Any CPU
		{00EFEE7B-AF4F-474F-A5BF-6C056269CB26}.Release|Any CPU.ActiveCfg = Release|Any CPU
		{00EFEE7B-AF4F-474F-A5BF-6C056269CB26}.Release|Any CPU.Build.0 = Release|Any CPU
		{1AB08F9F-F5D9-4ED8-B297-5D203977B95F}.Debug|Any CPU.ActiveCfg = Debug|Any CPU
		{1AB08F9F-F5D9-4ED8-B297-5D203977B95F}.Debug|Any CPU.Build.0 = Debug|Any CPU
		{1AB08F9F-F5D9-4ED8-B297-5D203977B95F}.Release|Any CPU.ActiveCfg = Release|Any CPU
		{1AB08F9F-F5D9-4ED8-B297-5D203977B95F}.Release|Any CPU.Build.0 = Release|Any CPU
		{0BA6D3D9-EA78-4EB8-B35C-61E63203F276}.Debug|Any CPU.ActiveCfg = Debug|Any CPU
		{0BA6D3D9-EA78-4EB8-B35C-61E63203F276}.Debug|Any CPU.Build.0 = Debug|Any CPU
		{0BA6D3D9-EA78-4EB8-B35C-61E63203F276}.Release|Any CPU.ActiveCfg = Release|Any CPU
		{0BA6D3D9-EA78-4EB8-B35C-61E63203F276}.Release|Any CPU.Build.0 = Release|Any CPU
		{0ACD2B18-3A9F-4AE9-863E-97E89E78F3E8}.Debug|Any CPU.ActiveCfg = Debug|Any CPU
		{0ACD2B18-3A9F-4AE9-863E-97E89E78F3E8}.Debug|Any CPU.Build.0 = Debug|Any CPU
		{0ACD2B18-3A9F-4AE9-863E-97E89E78F3E8}.Release|Any CPU.ActiveCfg = Release|Any CPU
		{0ACD2B18-3A9F-4AE9-863E-97E89E78F3E8}.Release|Any CPU.Build.0 = Release|Any CPU
		{BA6135CA-7C20-4F16-9349-8D189387B820}.Debug|Any CPU.ActiveCfg = Debug|Any CPU
		{BA6135CA-7C20-4F16-9349-8D189387B820}.Debug|Any CPU.Build.0 = Debug|Any CPU
		{BA6135CA-7C20-4F16-9349-8D189387B820}.Release|Any CPU.ActiveCfg = Release|Any CPU
		{BA6135CA-7C20-4F16-9349-8D189387B820}.Release|Any CPU.Build.0 = Release|Any CPU
		{43BA6A3B-FEA3-4EEC-9730-2CB6F2301D5A}.Debug|Any CPU.ActiveCfg = Debug|Any CPU
		{43BA6A3B-FEA3-4EEC-9730-2CB6F2301D5A}.Debug|Any CPU.Build.0 = Debug|Any CPU
		{43BA6A3B-FEA3-4EEC-9730-2CB6F2301D5A}.Release|Any CPU.ActiveCfg = Release|Any CPU
		{43BA6A3B-FEA3-4EEC-9730-2CB6F2301D5A}.Release|Any CPU.Build.0 = Release|Any CPU
		{9E66562A-0DCF-4CE8-9B93-A6BC04CF9918}.Debug|Any CPU.ActiveCfg = Debug|Any CPU
		{9E66562A-0DCF-4CE8-9B93-A6BC04CF9918}.Debug|Any CPU.Build.0 = Debug|Any CPU
		{9E66562A-0DCF-4CE8-9B93-A6BC04CF9918}.Release|Any CPU.ActiveCfg = Release|Any CPU
		{9E66562A-0DCF-4CE8-9B93-A6BC04CF9918}.Release|Any CPU.Build.0 = Release|Any CPU
		{F57E8B25-ED44-4783-9DC7-D0E83FE63980}.Debug|Any CPU.ActiveCfg = Debug|Any CPU
		{F57E8B25-ED44-4783-9DC7-D0E83FE63980}.Debug|Any CPU.Build.0 = Debug|Any CPU
		{F57E8B25-ED44-4783-9DC7-D0E83FE63980}.Release|Any CPU.ActiveCfg = Release|Any CPU
		{F57E8B25-ED44-4783-9DC7-D0E83FE63980}.Release|Any CPU.Build.0 = Release|Any CPU
	EndGlobalSection
	GlobalSection(SolutionProperties) = preSolution
		HideSolutionNode = FALSE
	EndGlobalSection
	GlobalSection(NestedProjects) = preSolution
		{D65A6522-181B-443D-804C-16D283841584} = {61B1A1F0-2196-4EF0-B2DE-0BCC9BFF6FAE}
		{B5CD8FE0-A99E-47F0-9617-1076415D3000} = {A02F706B-F582-4B94-82DC-8A9C38092669}
		{E1118C44-9C52-4834-BBD6-BCF222719A5F} = {A02F706B-F582-4B94-82DC-8A9C38092669}
		{10CAEFFC-B7DF-43E4-992D-B32975C8C618} = {A02F706B-F582-4B94-82DC-8A9C38092669}
		{00EFEE7B-AF4F-474F-A5BF-6C056269CB26} = {A02F706B-F582-4B94-82DC-8A9C38092669}
		{1AB08F9F-F5D9-4ED8-B297-5D203977B95F} = {A02F706B-F582-4B94-82DC-8A9C38092669}
		{0BA6D3D9-EA78-4EB8-B35C-61E63203F276} = {02FB95C6-72F3-457D-89CC-B57496FF2673}
		{0ACD2B18-3A9F-4AE9-863E-97E89E78F3E8} = {9E9EE48B-A98E-4ADA-A8B6-1A326DB55D37}
		{BA6135CA-7C20-4F16-9349-8D189387B820} = {9E9EE48B-A98E-4ADA-A8B6-1A326DB55D37}
		{43BA6A3B-FEA3-4EEC-9730-2CB6F2301D5A} = {D8663854-502C-4012-A519-1A1083FA68DE}
		{9E66562A-0DCF-4CE8-9B93-A6BC04CF9918} = {8F16A5C4-D219-457D-AA2E-9C29699B60C7}
		{F57E8B25-ED44-4783-9DC7-D0E83FE63980} = {8F16A5C4-D219-457D-AA2E-9C29699B60C7}
	EndGlobalSection
EndGlobal
